{
    "name": "foo",
    "version": "0.0.1",
    "lockfileVersion": 2,
    "requires": true,
    "packages": {
        "": {
            "name": "foo",
            "version": "0.0.1",
            "dependencies": {
                "vue": "3.2.1"
            }
        },
        "node_modules/@babel/helper-validator-identifier": {
            "version": "7.16.7",
            "resolved": "https://registry.npmjs.org/@babel/helper-validator-identifier/-/helper-validator-identifier-7.16.7.tgz",
            "integrity": "sha512-hsEnFemeiW4D08A5gUAZxLBTXpZ39P+a+DGDsHw1yxqyQ/jzFEnxf5uTEGp+3bzAbNOxU1paTgYS4ECU/IgfDw==",
            "engines": {
                "node": ">=6.9.0"
            }
        },
        "node_modules/@babel/parser": {
            "version": "7.16.12",
            "resolved": "https://registry.npmjs.org/@babel/parser/-/parser-7.16.12.tgz",
            "integrity": "sha512-VfaV15po8RiZssrkPweyvbGVSe4x2y+aciFCgn0n0/SJMR22cwofRV1mtnJQYcSB1wUTaA/X1LnA3es66MCO5A==",
            "bin": {
                "parser": "bin/babel-parser.js"
            },
            "engines": {
                "node": ">=6.0.0"
            }
        },
        "node_modules/@babel/types": {
            "version": "7.16.8",
            "resolved": "https://registry.npmjs.org/@babel/types/-/types-7.16.8.tgz",
            "integrity": "sha512-smN2DQc5s4M7fntyjGtyIPbRJv6wW4rU/94fmYJ7PKQuZkC0qGMHXJbg6sNGt12JmVr4k5YaptI/XtiLJBnmIg==",
            "dependencies": {
                "@babel/helper-validator-identifier": "^7.16.7",
                "to-fast-properties": "^2.0.0"
            },
            "engines": {
                "node": ">=6.9.0"
            }
        },
        "node_modules/@vue/compiler-core": {
            "version": "3.2.1",
            "resolved": "https://registry.npmjs.org/@vue/compiler-core/-/compiler-core-3.2.1.tgz",
            "integrity": "sha512-UEJf2ZGww5wGVdrWIXIZo04KdJFGPmI2bHRUsBZ3AdyCAqJ5ykRXKOBn1OR1hvA2YzimudOEyHM+DpbBv91Kww==",
            "dependencies": {
                "@babel/parser": "^7.12.0",
                "@babel/types": "^7.12.0",
                "@vue/shared": "3.2.1",
                "estree-walker": "^2.0.1",
                "source-map": "^0.6.1"
            }
        },
        "node_modules/@vue/compiler-dom": {
            "version": "3.2.1",
            "resolved": "https://registry.npmjs.org/@vue/compiler-dom/-/compiler-dom-3.2.1.tgz",
            "integrity": "sha512-tXg8tkPb3j54zNfWqoao9T1JI41yWPz8TROzmif/QNNA46eq8/SRuRsBd36i47GWaz7mh+yg3vOJ87/YBjcMyQ==",
            "dependencies": {
                "@vue/compiler-core": "3.2.1",
                "@vue/shared": "3.2.1"
            }
        },
        "node_modules/@vue/reactivity": {
            "version": "3.2.1",
            "resolved": "https://registry.npmjs.org/@vue/reactivity/-/reactivity-3.2.1.tgz",
            "integrity": "sha512-4Lja2KmyiKvuraDed6dXK2A6+r/7x7xGDA7vVR2Aqc8hQVu0+FWeVX+IBfiVOSpbZXFlHLNmCBFkbuWLQSlgxg==",
            "dependencies": {
                "@vue/shared": "3.2.1"
            }
        },
        "node_modules/@vue/runtime-core": {
            "version": "3.2.1",
            "resolved": "https://registry.npmjs.org/@vue/runtime-core/-/runtime-core-3.2.1.tgz",
            "integrity": "sha512-IsgelRM/5hYeRhz5+ECi66XvYDdjG2t4lARjHvCXw5s9Q4N6uIbjLMwtLzAWRxYf3/y258BrD+ehxAi943ScJg==",
            "dependencies": {
                "@vue/reactivity": "3.2.1",
                "@vue/shared": "3.2.1"
            }
        },
        "node_modules/@vue/runtime-dom": {
            "version": "3.2.1",
            "resolved": "https://registry.npmjs.org/@vue/runtime-dom/-/runtime-dom-3.2.1.tgz",
            "integrity": "sha512-bUAHUSe49A5wYdHQ8wsLU1CMPXaG2fRuv2661mx/6Q9+20QxglT3ss8ZeL6AVRu16JNJMcdvTTsNpbnMbVc/lQ==",
            "dependencies": {
                "@vue/runtime-core": "3.2.1",
                "@vue/shared": "3.2.1",
                "csstype": "^2.6.8"
            }
        },
        "node_modules/@vue/shared": {
            "version": "3.2.1",
            "resolved": "https://registry.npmjs.org/@vue/shared/-/shared-3.2.1.tgz",
            "integrity": "sha512-INN92dVBNgd0TW9BqfQQKx/HWGCHhUUbAV5EZ5FgSCiEdwuZsJbGt1mdnaD9IxGhpiyOjP2ClxGG8SFp7ELcWg=="
        },
        "node_modules/csstype": {
            "version": "2.6.19",
            "resolved": "https://registry.npmjs.org/csstype/-/csstype-2.6.19.tgz",
            "integrity": "sha512-ZVxXaNy28/k3kJg0Fou5MiYpp88j7H9hLZp8PDC3jV0WFjfH5E9xHb56L0W59cPbKbcHXeP4qyT8PrHp8t6LcQ=="
        },
        "node_modules/estree-walker": {
            "version": "2.0.2",
            "resolved": "https://registry.npmjs.org/estree-walker/-/estree-walker-2.0.2.tgz",
            "integrity": "sha512-Rfkk/Mp/DL7JVje3u18FxFujQlTNR2q6QfMSMB7AvCBx91NGj/ba3kCfza0f6dVDbw7YlRf/nDrn7pQrCCyQ/w=="
        },
        "node_modules/source-map": {
            "version": "0.6.1",
            "resolved": "https://registry.npmjs.org/source-map/-/source-map-0.6.1.tgz",
            "integrity": "sha512-UjgapumWlbMhkBgzT7Ykc5YXUT46F0iKu8SGXq0bcwP5dz/h0Plj6enJqjz1Zbq2l5WaqYnrVbwWOWMyF3F47g==",
            "engines": {
                "node": ">=0.10.0"
            }
        },
        "node_modules/to-fast-properties": {
            "version": "2.0.0",
            "resolved": "https://registry.npmjs.org/to-fast-properties/-/to-fast-properties-2.0.0.tgz",
            "integrity": "sha1-3F5pjL0HkmW8c+A3doGk5Og/YW4=",
            "engines": {
                "node": ">=4"
            }
        },
        "node_modules/vue": {
            "version": "3.2.1",
            "resolved": "https://registry.npmjs.org/vue/-/vue-3.2.1.tgz",
            "integrity": "sha512-0jhXluF5mzTAK5bXw/8yq4McvsI8HwEWI4cnQwJeN8NYGRbwh9wwuE4FNv1Kej9pxBB5ajTNsWr0M6DPs5EJZg==",
            "dependencies": {
                "@vue/compiler-dom": "3.2.1",
                "@vue/runtime-dom": "3.2.1",
                "@vue/shared": "3.2.1"
            }
        }
    },
    "dependencies": {
        "@babel/helper-validator-identifier": {
            "version": "7.16.7",
            "resolved": "https://registry.npmjs.org/@babel/helper-validator-identifier/-/helper-validator-identifier-7.16.7.tgz",
            "integrity": "sha512-hsEnFemeiW4D08A5gUAZxLBTXpZ39P+a+DGDsHw1yxqyQ/jzFEnxf5uTEGp+3bzAbNOxU1paTgYS4ECU/IgfDw=="
        },
        "@babel/parser": {
            "version": "7.16.12",
            "resolved": "https://registry.npmjs.org/@babel/parser/-/parser-7.16.12.tgz",
            "integrity": "sha512-VfaV15po8RiZssrkPweyvbGVSe4x2y+aciFCgn0n0/SJMR22cwofRV1mtnJQYcSB1wUTaA/X1LnA3es66MCO5A=="
        },
        "@babel/types": {
            "version": "7.16.8",
            "resolved": "https://registry.npmjs.org/@babel/types/-/types-7.16.8.tgz",
            "integrity": "sha512-smN2DQc5s4M7fntyjGtyIPbRJv6wW4rU/94fmYJ7PKQuZkC0qGMHXJbg6sNGt12JmVr4k5YaptI/XtiLJBnmIg==",
            "requires": {
                "@babel/helper-validator-identifier": "^7.16.7",
                "to-fast-properties": "^2.0.0"
            }
        },
        "@vue/compiler-core": {
            "version": "3.2.1",
            "resolved": "https://registry.npmjs.org/@vue/compiler-core/-/compiler-core-3.2.1.tgz",
            "integrity": "sha512-UEJf2ZGww5wGVdrWIXIZo04KdJFGPmI2bHRUsBZ3AdyCAqJ5ykRXKOBn1OR1hvA2YzimudOEyHM+DpbBv91Kww==",
            "requires": {
                "@babel/parser": "^7.12.0",
                "@babel/types": "^7.12.0",
                "@vue/shared": "3.2.1",
                "estree-walker": "^2.0.1",
                "source-map": "^0.6.1"
            }
        },
        "@vue/compiler-dom": {
            "version": "3.2.1",
            "resolved": "https://registry.npmjs.org/@vue/compiler-dom/-/compiler-dom-3.2.1.tgz",
            "integrity": "sha512-tXg8tkPb3j54zNfWqoao9T1JI41yWPz8TROzmif/QNNA46eq8/SRuRsBd36i47GWaz7mh+yg3vOJ87/YBjcMyQ==",
            "requires": {
                "@vue/compiler-core": "3.2.1",
                "@vue/shared": "3.2.1"
            }
        },
        "@vue/reactivity": {
            "version": "3.2.1",
            "resolved": "https://registry.npmjs.org/@vue/reactivity/-/reactivity-3.2.1.tgz",
            "integrity": "sha512-4Lja2KmyiKvuraDed6dXK2A6+r/7x7xGDA7vVR2Aqc8hQVu0+FWeVX+IBfiVOSpbZXFlHLNmCBFkbuWLQSlgxg==",
            "requires": {
                "@vue/shared": "3.2.1"
            }
        },
        "@vue/runtime-core": {
            "version": "3.2.1",
            "resolved": "https://registry.npmjs.org/@vue/runtime-core/-/runtime-core-3.2.1.tgz",
            "integrity": "sha512-IsgelRM/5hYeRhz5+ECi66XvYDdjG2t4lARjHvCXw5s9Q4N6uIbjLMwtLzAWRxYf3/y258BrD+ehxAi943ScJg==",
            "requires": {
                "@vue/reactivity": "3.2.1",
                "@vue/shared": "3.2.1"
            }
        },
        "@vue/runtime-dom": {
            "version": "3.2.1",
            "resolved": "https://registry.npmjs.org/@vue/runtime-dom/-/runtime-dom-3.2.1.tgz",
            "integrity": "sha512-bUAHUSe49A5wYdHQ8wsLU1CMPXaG2fRuv2661mx/6Q9+20QxglT3ss8ZeL6AVRu16JNJMcdvTTsNpbnMbVc/lQ==",
            "requires": {
                "@vue/runtime-core": "3.2.1",
                "@vue/shared": "3.2.1",
                "csstype": "^2.6.8"
            }
        },
        "@vue/shared": {
            "version": "3.2.1",
            "resolved": "https://registry.npmjs.org/@vue/shared/-/shared-3.2.1.tgz",
            "integrity": "sha512-INN92dVBNgd0TW9BqfQQKx/HWGCHhUUbAV5EZ5FgSCiEdwuZsJbGt1mdnaD9IxGhpiyOjP2ClxGG8SFp7ELcWg=="
        },
        "csstype": {
            "version": "2.6.19",
            "resolved": "https://registry.npmjs.org/csstype/-/csstype-2.6.19.tgz",
            "integrity": "sha512-ZVxXaNy28/k3kJg0Fou5MiYpp88j7H9hLZp8PDC3jV0WFjfH5E9xHb56L0W59cPbKbcHXeP4qyT8PrHp8t6LcQ=="
        },
        "estree-walker": {
            "version": "2.0.2",
            "resolved": "https://registry.npmjs.org/estree-walker/-/estree-walker-2.0.2.tgz",
            "integrity": "sha512-Rfkk/Mp/DL7JVje3u18FxFujQlTNR2q6QfMSMB7AvCBx91NGj/ba3kCfza0f6dVDbw7YlRf/nDrn7pQrCCyQ/w=="
        },
        "source-map": {
            "version": "0.6.1",
            "resolved": "https://registry.npmjs.org/source-map/-/source-map-0.6.1.tgz",
            "integrity": "sha512-UjgapumWlbMhkBgzT7Ykc5YXUT46F0iKu8SGXq0bcwP5dz/h0Plj6enJqjz1Zbq2l5WaqYnrVbwWOWMyF3F47g=="
        },
        "to-fast-properties": {
            "version": "2.0.0",
            "resolved": "https://registry.npmjs.org/to-fast-properties/-/to-fast-properties-2.0.0.tgz",
            "integrity": "sha1-3F5pjL0HkmW8c+A3doGk5Og/YW4="
        },
        "vue": {
            "version": "3.2.1",
            "resolved": "https://registry.npmjs.org/vue/-/vue-3.2.1.tgz",
            "integrity": "sha512-0jhXluF5mzTAK5bXw/8yq4McvsI8HwEWI4cnQwJeN8NYGRbwh9wwuE4FNv1Kej9pxBB5ajTNsWr0M6DPs5EJZg==",
            "requires": {
                "@vue/compiler-dom": "3.2.1",
                "@vue/runtime-dom": "3.2.1",
                "@vue/shared": "3.2.1"
            }
        }
    }
}
